
Microsoft Visual Studio Solution File, Format Version 12.00
# Visual Studio Version 17
VisualStudioVersion = 17.13.35919.96 d17.13
MinimumVisualStudioVersion = 10.0.40219.1
Project("{FAE04EC0-301F-11D3-BF4B-00C04F79EFBC}") = "Bai12Lab13", "Bai12Lab13.csproj", "{906836F8-6B11-4967-921B-17E1879A4ACD}"
EndProject
Global
	GlobalSection(SolutionConfigurationPlatforms) = preSolution
		Debug|Any CPU = Debug|Any CPU
		Release|Any CPU = Release|Any CPU
	EndGlobalSection
	GlobalSection(ProjectConfigurationPlatforms) = postSolution
		{906836F8-6B11-4967-921B-17E1879A4ACD}.Debug|Any CPU.ActiveCfg = Debug|Any CPU
		{906836F8-6B11-4967-921B-17E1879A4ACD}.Debug|Any CPU.Build.0 = Debug|Any CPU
		{906836F8-6B11-4967-921B-17E1879A4ACD}.Release|Any CPU.ActiveCfg = Release|Any CPU
		{906836F8-6B11-4967-921B-17E1879A4ACD}.Release|Any CPU.Build.0 = Release|Any CPU
	EndGlobalSection
	GlobalSection(SolutionProperties) = preSolution
		HideSolutionNode = FALSE
	EndGlobalSection
	GlobalSection(ExtensibilityGlobals) = postSolution
		SolutionGuid = {A54DFCAA-7FB4-421A-9B1B-094D1020C923}
	EndGlobalSection
EndGlobal
