
Microsoft Visual Studio Solution File, Format Version 12.00
# Visual Studio Version 17
VisualStudioVersion = 17.13.35919.96 d17.13
MinimumVisualStudioVersion = 10.0.40219.1
Project("{FAE04EC0-301F-11D3-BF4B-00C04F79EFBC}") = "Bai4Lab13", "Bai4Lab13.csproj", "{0077C277-ABEF-4E01-96A1-79C9027082BA}"
EndProject
Global
	GlobalSection(SolutionConfigurationPlatforms) = preSolution
		Debug|Any CPU = Debug|Any CPU
		Release|Any CPU = Release|Any CPU
	EndGlobalSection
	GlobalSection(ProjectConfigurationPlatforms) = postSolution
		{0077C277-ABEF-4E01-96A1-79C9027082BA}.Debug|Any CPU.ActiveCfg = Debug|Any CPU
		{0077C277-ABEF-4E01-96A1-79C9027082BA}.Debug|Any CPU.Build.0 = Debug|Any CPU
		{0077C277-ABEF-4E01-96A1-79C9027082BA}.Release|Any CPU.ActiveCfg = Release|Any CPU
		{0077C277-ABEF-4E01-96A1-79C9027082BA}.Release|Any CPU.Build.0 = Release|Any CPU
	EndGlobalSection
	GlobalSection(SolutionProperties) = preSolution
		HideSolutionNode = FALSE
	EndGlobalSection
	GlobalSection(ExtensibilityGlobals) = postSolution
		SolutionGuid = {A61E79BB-1D78-4514-8C74-7B0B8ABC281F}
	EndGlobalSection
EndGlobal
