
Microsoft Visual Studio Solution File, Format Version 12.00
# Visual Studio Version 17
VisualStudioVersion = 17.13.35919.96 d17.13
MinimumVisualStudioVersion = 10.0.40219.1
Project("{FAE04EC0-301F-11D3-BF4B-00C04F79EFBC}") = "Bai7Lab13", "Bai7Lab13.csproj", "{96A19FAD-C3B5-4554-BDE8-E997A2ADD5A1}"
EndProject
Global
	GlobalSection(SolutionConfigurationPlatforms) = preSolution
		Debug|Any CPU = Debug|Any CPU
		Release|Any CPU = Release|Any CPU
	EndGlobalSection
	GlobalSection(ProjectConfigurationPlatforms) = postSolution
		{96A19FAD-C3B5-4554-BDE8-E997A2ADD5A1}.Debug|Any CPU.ActiveCfg = Debug|Any CPU
		{96A19FAD-C3B5-4554-BDE8-E997A2ADD5A1}.Debug|Any CPU.Build.0 = Debug|Any CPU
		{96A19FAD-C3B5-4554-BDE8-E997A2ADD5A1}.Release|Any CPU.ActiveCfg = Release|Any CPU
		{96A19FAD-C3B5-4554-BDE8-E997A2ADD5A1}.Release|Any CPU.Build.0 = Release|Any CPU
	EndGlobalSection
	GlobalSection(SolutionProperties) = preSolution
		HideSolutionNode = FALSE
	EndGlobalSection
	GlobalSection(ExtensibilityGlobals) = postSolution
		SolutionGuid = {2CECC8C3-AF22-41B5-9554-188F9CC65BF3}
	EndGlobalSection
EndGlobal
